// !$*UTF8*$!
{
	archiveVersion = 1;
	classes = {
	};
	objectVersion = 56;
	objects = {

/* Begin PBXBuildFile section */
		B9E165242C40FB9900380BD2 /* AppDelegate.swift in Sources */ = {isa = PBXBuildFile; fileRef = B9E165232C40FB9900380BD2 /* AppDelegate.swift */; };
		B9E165262C40FB9900380BD2 /* SceneDelegate.swift in Sources */ = {isa = PBXBuildFile; fileRef = B9E165252C40FB9900380BD2 /* SceneDelegate.swift */; };
		B9E165282C40FB9900380BD2 /* ViewController.swift in Sources */ = {isa = PBXBuildFile; fileRef = B9E165272C40FB9900380BD2 /* ViewController.swift */; };
		B9E1652B2C40FB9900380BD2 /* Base in Resources */ = {isa = PBXBuildFile; fileRef = B9E1652A2C40FB9900380BD2 /* Base */; };
		B9E1652E2C40FB9900380BD2 /* TodoList.xcdatamodeld in Sources */ = {isa = PBXBuildFile; fileRef = B9E1652C2C40FB9900380BD2 /* TodoList.xcdatamodeld */; };
		B9E165302C40FB9A00380BD2 /* Assets.xcassets in Resources */ = {isa = PBXBuildFile; fileRef = B9E1652F2C40FB9A00380BD2 /* Assets.xcassets */; };
		B9E165332C40FB9A00380BD2 /* Base in Resources */ = {isa = PBXBuildFile; fileRef = B9E165322C40FB9A00380BD2 /* Base */; };
		B9E1653E2C40FB9A00380BD2 /* TodoListTests.swift in Sources */ = {isa = PBXBuildFile; fileRef = B9E1653D2C40FB9A00380BD2 /* TodoListTests.swift */; };
		B9E165482C40FB9A00380BD2 /* TodoListUITests.swift in Sources */ = {isa = PBXBuildFile; fileRef = B9E165472C40FB9A00380BD2 /* TodoListUITests.swift */; };
		B9E1654A2C40FB9A00380BD2 /* TodoListUITestsLaunchTests.swift in Sources */ = {isa = PBXBuildFile; fileRef = B9E165492C40FB9A00380BD2 /* TodoListUITestsLaunchTests.swift */; };
/* End PBXBuildFile section */

/* Begin PBXContainerItemProxy section */
		B9E1653A2C40FB9A00380BD2 /* PBXContainerItemProxy */ = {
			isa = PBXContainerItemProxy;
			containerPortal = B9E165182C40FB9900380BD2 /* Project object */;
			proxyType = 1;
			remoteGlobalIDString = B9E1651F2C40FB9900380BD2;
			remoteInfo = TodoList;
		};
		B9E165442C40FB9A00380BD2 /* PBXContainerItemProxy */ = {
			isa = PBXContainerItemProxy;
			containerPortal = B9E165182C40FB9900380BD2 /* Project object */;
			proxyType = 1;
			remoteGlobalIDString = B9E1651F2C40FB9900380BD2;
			remoteInfo = TodoList;
		};
/* End PBXContainerItemProxy section */

/* Begin PBXFileReference section */
		B9E165202C40FB9900380BD2 /* TodoList.app */ = {isa = PBXFileReference; explicitFileType = wrapper.application; includeInIndex = 0; path = TodoList.app; sourceTree = BUILT_PRODUCTS_DIR; };
		B9E165232C40FB9900380BD2 /* AppDelegate.swift */ = {isa = PBXFileReference; lastKnownFileType = sourcecode.swift; path = AppDelegate.swift; sourceTree = "<group>"; };
		B9E165252C40FB9900380BD2 /* SceneDelegate.swift */ = {isa = PBXFileReference; lastKnownFileType = sourcecode.swift; path = SceneDelegate.swift; sourceTree = "<group>"; };
		B9E165272C40FB9900380BD2 /* ViewController.swift */ = {isa = PBXFileReference; lastKnownFileType = sourcecode.swift; path = ViewController.swift; sourceTree = "<group>"; };
		B9E1652A2C40FB9900380BD2 /* Base */ = {isa = PBXFileReference; lastKnownFileType = file.storyboard; name = Base; path = Base.lproj/Main.storyboard; sourceTree = "<group>"; };
		B9E1652D2C40FB9900380BD2 /* TodoList.xcdatamodel */ = {isa = PBXFileReference; lastKnownFileType = wrapper.xcdatamodel; path = TodoList.xcdatamodel; sourceTree = "<group>"; };
		B9E1652F2C40FB9A00380BD2 /* Assets.xcassets */ = {isa = PBXFileReference; lastKnownFileType = folder.assetcatalog; path = Assets.xcassets; sourceTree = "<group>"; };
		B9E165322C40FB9A00380BD2 /* Base */ = {isa = PBXFileReference; lastKnownFileType = file.storyboard; name = Base; path = Base.lproj/LaunchScreen.storyboard; sourceTree = "<group>"; };
		B9E165342C40FB9A00380BD2 /* Info.plist */ = {isa = PBXFileReference; lastKnownFileType = text.plist.xml; path = Info.plist; sourceTree = "<group>"; };
		B9E165392C40FB9A00380BD2 /* TodoListTests.xctest */ = {isa = PBXFileReference; explicitFileType = wrapper.cfbundle; includeInIndex = 0; path = TodoListTests.xctest; sourceTree = BUILT_PRODUCTS_DIR; };
		B9E1653D2C40FB9A00380BD2 /* TodoListTests.swift */ = {isa = PBXFileReference; lastKnownFileType = sourcecode.swift; path = TodoListTests.swift; sourceTree = "<group>"; };
		B9E165432C40FB9A00380BD2 /* TodoListUITests.xctest */ = {isa = PBXFileReference; explicitFileType = wrapper.cfbundle; includeInIndex = 0; path = TodoListUITests.xctest; sourceTree = BUILT_PRODUCTS_DIR; };
		B9E165472C40FB9A00380BD2 /* TodoListUITests.swift */ = {isa = PBXFileReference; lastKnownFileType = sourcecode.swift; path = TodoListUITests.swift; sourceTree = "<group>"; };
		B9E165492C40FB9A00380BD2 /* TodoListUITestsLaunchTests.swift */ = {isa = PBXFileReference; lastKnownFileType = sourcecode.swift; path = TodoListUITestsLaunchTests.swift; sourceTree = "<group>"; };
/* End PBXFileReference section */

/* Begin PBXFrameworksBuildPhase section */
		B9E1651D2C40FB9900380BD2 /* Frameworks */ = {
			isa = PBXFrameworksBuildPhase;
			buildActionMask = 2147483647;
			files = (
			);
			runOnlyForDeploymentPostprocessing = 0;
		};
		B9E165362C40FB9A00380BD2 /* Frameworks */ = {
			isa = PBXFrameworksBuildPhase;
			buildActionMask = 2147483647;
			files = (
			);
			runOnlyForDeploymentPostprocessing = 0;
		};
		B9E165402C40FB9A00380BD2 /* Frameworks */ = {
			isa = PBXFrameworksBuildPhase;
			buildActionMask = 2147483647;
			files = (
			);
			runOnlyForDeploymentPostprocessing = 0;
		};
/* End PBXFrameworksBuildPhase section */

/* Begin PBXGroup section */
		B9E165172C40FB9900380BD2 = {
			isa = PBXGroup;
			children = (
				B9E165222C40FB9900380BD2 /* TodoList */,
				B9E1653C2C40FB9A00380BD2 /* TodoListTests */,
				B9E165462C40FB9A00380BD2 /* TodoListUITests */,
				B9E165212C40FB9900380BD2 /* Products */,
			);
			sourceTree = "<group>";
		};
		B9E165212C40FB9900380BD2 /* Products */ = {
			isa = PBXGroup;
			children = (
				B9E165202C40FB9900380BD2 /* TodoList.app */,
				B9E165392C40FB9A00380BD2 /* TodoListTests.xctest */,
				B9E165432C40FB9A00380BD2 /* TodoListUITests.xctest */,
			);
			name = Products;
			sourceTree = "<group>";
		};
		B9E165222C40FB9900380BD2 /* TodoList */ = {
			isa = PBXGroup;
			children = (
				B9E165232C40FB9900380BD2 /* AppDelegate.swift */,
				B9E165252C40FB9900380BD2 /* SceneDelegate.swift */,
				B9E165272C40FB9900380BD2 /* ViewController.swift */,
				B9E165292C40FB9900380BD2 /* Main.storyboard */,
				B9E1652F2C40FB9A00380BD2 /* Assets.xcassets */,
				B9E165312C40FB9A00380BD2 /* LaunchScreen.storyboard */,
				B9E165342C40FB9A00380BD2 /* Info.plist */,
				B9E1652C2C40FB9900380BD2 /* TodoList.xcdatamodeld */,
			);
			path = TodoList;
			sourceTree = "<group>";
		};
		B9E1653C2C40FB9A00380BD2 /* TodoListTests */ = {
			isa = PBXGroup;
			children = (
				B9E1653D2C40FB9A00380BD2 /* TodoListTests.swift */,
			);
			path = TodoListTests;
			sourceTree = "<group>";
		};
		B9E165462C40FB9A00380BD2 /* TodoListUITests */ = {
			isa = PBXGroup;
			children = (
				B9E165472C40FB9A00380BD2 /* TodoListUITests.swift */,
				B9E165492C40FB9A00380BD2 /* TodoListUITestsLaunchTests.swift */,
			);
			path = TodoListUITests;
			sourceTree = "<group>";
		};
/* End PBXGroup section */

/* Begin PBXNativeTarget section */
		B9E1651F2C40FB9900380BD2 /* TodoList */ = {
			isa = PBXNativeTarget;
			buildConfigurationList = B9E1654D2C40FB9A00380BD2 /* Build configuration list for PBXNativeTarget "TodoList" */;
			buildPhases = (
				B9E1651C2C40FB9900380BD2 /* Sources */,
				B9E1651D2C40FB9900380BD2 /* Frameworks */,
				B9E1651E2C40FB9900380BD2 /* Resources */,
			);
			buildRules = (
			);
			dependencies = (
			);
			name = TodoList;
			productName = TodoList;
			productReference = B9E165202C40FB9900380BD2 /* TodoList.app */;
			productType = "com.apple.product-type.application";
		};
		B9E165382C40FB9A00380BD2 /* TodoListTests */ = {
			isa = PBXNativeTarget;
			buildConfigurationList = B9E165502C40FB9A00380BD2 /* Build configuration list for PBXNativeTarget "TodoListTests" */;
			buildPhases = (
				B9E165352C40FB9A00380BD2 /* Sources */,
				B9E165362C40FB9A00380BD2 /* Frameworks */,
				B9E165372C40FB9A00380BD2 /* Resources */,
			);
			buildRules = (
			);
			dependencies = (
				B9E1653B2C40FB9A00380BD2 /* PBXTargetDependency */,
			);
			name = TodoListTests;
			productName = TodoListTests;
			productReference = B9E165392C40FB9A00380BD2 /* TodoListTests.xctest */;
			productType = "com.apple.product-type.bundle.unit-test";
		};
		B9E165422C40FB9A00380BD2 /* TodoListUITests */ = {
			isa = PBXNativeTarget;
			buildConfigurationList = B9E165532C40FB9A00380BD2 /* Build configuration list for PBXNativeTarget "TodoListUITests" */;
			buildPhases = (
				B9E1653F2C40FB9A00380BD2 /* Sources */,
				B9E165402C40FB9A00380BD2 /* Frameworks */,
				B9E165412C40FB9A00380BD2 /* Resources */,
			);
			buildRules = (
			);
			dependencies = (
				B9E165452C40FB9A00380BD2 /* PBXTargetDependency */,
			);
			name = TodoListUITests;
			productName = TodoListUITests;
			productReference = B9E165432C40FB9A00380BD2 /* TodoListUITests.xctest */;
			productType = "com.apple.product-type.bundle.ui-testing";
		};
/* End PBXNativeTarget section */

/* Begin PBXProject section */
		B9E165182C40FB9900380BD2 /* Project object */ = {
			isa = PBXProject;
			attributes = {
				BuildIndependentTargetsInParallel = 1;
				LastSwiftUpdateCheck = 1540;
				LastUpgradeCheck = 1540;
				TargetAttributes = {
					B9E1651F2C40FB9900380BD2 = {
						CreatedOnToolsVersion = 15.4;
					};
					B9E165382C40FB9A00380BD2 = {
						CreatedOnToolsVersion = 15.4;
						TestTargetID = B9E1651F2C40FB9900380BD2;
					};
					B9E165422C40FB9A00380BD2 = {
						CreatedOnToolsVersion = 15.4;
						TestTargetID = B9E1651F2C40FB9900380BD2;
					};
				};
			};
			buildConfigurationList = B9E1651B2C40FB9900380BD2 /* Build configuration list for PBXProject "TodoList" */;
			compatibilityVersion = "Xcode 14.0";
			developmentRegion = en;
			hasScannedForEncodings = 0;
			knownRegions = (
				en,
				Base,
			);
			mainGroup = B9E165172C40FB9900380BD2;
			productRefGroup = B9E165212C40FB9900380BD2 /* Products */;
			projectDirPath = "";
			projectRoot = "";
			targets = (
				B9E1651F2C40FB9900380BD2 /* TodoList */,
				B9E165382C40FB9A00380BD2 /* TodoListTests */,
				B9E165422C40FB9A00380BD2 /* TodoListUITests */,
			);
		};
/* End PBXProject section */

/* Begin PBXResourcesBuildPhase section */
		B9E1651E2C40FB9900380BD2 /* Resources */ = {
			isa = PBXResourcesBuildPhase;
			buildActionMask = 2147483647;
			files = (
				B9E165302C40FB9A00380BD2 /* Assets.xcassets in Resources */,
				B9E165332C40FB9A00380BD2 /* Base in Resources */,
				B9E1652B2C40FB9900380BD2 /* Base in Resources */,
			);
			runOnlyForDeploymentPostprocessing = 0;
		};
		B9E165372C40FB9A00380BD2 /* Resources */ = {
			isa = PBXResourcesBuildPhase;
			buildActionMask = 2147483647;
			files = (
			);
			runOnlyForDeploymentPostprocessing = 0;
		};
		B9E165412C40FB9A00380BD2 /* Resources */ = {
			isa = PBXResourcesBuildPhase;
			buildActionMask = 2147483647;
			files = (
			);
			runOnlyForDeploymentPostprocessing = 0;
		};
/* End PBXResourcesBuildPhase section */

/* Begin PBXSourcesBuildPhase section */
		B9E1651C2C40FB9900380BD2 /* Sources */ = {
			isa = PBXSourcesBuildPhase;
			buildActionMask = 2147483647;
			files = (
				B9E165282C40FB9900380BD2 /* ViewController.swift in Sources */,
				B9E165242C40FB9900380BD2 /* AppDelegate.swift in Sources */,
				B9E165262C40FB9900380BD2 /* SceneDelegate.swift in Sources */,
				B9E1652E2C40FB9900380BD2 /* TodoList.xcdatamodeld in Sources */,
			);
			runOnlyForDeploymentPostprocessing = 0;
		};
		B9E165352C40FB9A00380BD2 /* Sources */ = {
			isa = PBXSourcesBuildPhase;
			buildActionMask = 2147483647;
			files = (
				B9E1653E2C40FB9A00380BD2 /* TodoListTests.swift in Sources */,
			);
			runOnlyForDeploymentPostprocessing = 0;
		};
		B9E1653F2C40FB9A00380BD2 /* Sources */ = {
			isa = PBXSourcesBuildPhase;
			buildActionMask = 2147483647;
			files = (
				B9E1654A2C40FB9A00380BD2 /* TodoListUITestsLaunchTests.swift in Sources */,
				B9E165482C40FB9A00380BD2 /* TodoListUITests.swift in Sources */,
			);
			runOnlyForDeploymentPostprocessing = 0;
		};
/* End PBXSourcesBuildPhase section */

/* Begin PBXTargetDependency section */
		B9E1653B2C40FB9A00380BD2 /* PBXTargetDependency */ = {
			isa = PBXTargetDependency;
			target = B9E1651F2C40FB9900380BD2 /* TodoList */;
			targetProxy = B9E1653A2C40FB9A00380BD2 /* PBXContainerItemProxy */;
		};
		B9E165452C40FB9A00380BD2 /* PBXTargetDependency */ = {
			isa = PBXTargetDependency;
			target = B9E1651F2C40FB9900380BD2 /* TodoList */;
			targetProxy = B9E165442C40FB9A00380BD2 /* PBXContainerItemProxy */;
		};
/* End PBXTargetDependency section */

/* Begin PBXVariantGroup section */
		B9E165292C40FB9900380BD2 /* Main.storyboard */ = {
			isa = PBXVariantGroup;
			children = (
				B9E1652A2C40FB9900380BD2 /* Base */,
			);
			name = Main.storyboard;
			sourceTree = "<group>";
		};
		B9E165312C40FB9A00380BD2 /* LaunchScreen.storyboard */ = {
			isa = PBXVariantGroup;
			children = (
				B9E165322C40FB9A00380BD2 /* Base */,
			);
			name = LaunchScreen.storyboard;
			sourceTree = "<group>";
		};
/* End PBXVariantGroup section */

/* Begin XCBuildConfiguration section */
		B9E1654B2C40FB9A00380BD2 /* Debug */ = {
			isa = XCBuildConfiguration;
			buildSettings = {
				ALWAYS_SEARCH_USER_PATHS = NO;
				ASSETCATALOG_COMPILER_GENERATE_SWIFT_ASSET_SYMBOL_EXTENSIONS = YES;
				CLANG_ANALYZER_NONNULL = YES;
				CLANG_ANALYZER_NUMBER_OBJECT_CONVERSION = YES_AGGRESSIVE;
				CLANG_CXX_LANGUAGE_STANDARD = "gnu++20";
				CLANG_ENABLE_MODULES = YES;
				CLANG_ENABLE_OBJC_ARC = YES;
				CLANG_ENABLE_OBJC_WEAK = YES;
				CLANG_WARN_BLOCK_CAPTURE_AUTORELEASING = YES;
				CLANG_WARN_BOOL_CONVERSION = YES;
				CLANG_WARN_COMMA = YES;
				CLANG_WARN_CONSTANT_CONVERSION = YES;
				CLANG_WARN_DEPRECATED_OBJC_IMPLEMENTATIONS = YES;
				CLANG_WARN_DIRECT_OBJC_ISA_USAGE = YES_ERROR;
				CLANG_WARN_DOCUMENTATION_COMMENTS = YES;
				CLANG_WARN_EMPTY_BODY = YES;
				CLANG_WARN_ENUM_CONVERSION = YES;
				CLANG_WARN_INFINITE_RECURSION = YES;
				CLANG_WARN_INT_CONVERSION = YES;
				CLANG_WARN_NON_LITERAL_NULL_CONVERSION = YES;
				CLANG_WARN_OBJC_IMPLICIT_RETAIN_SELF = YES;
				CLANG_WARN_OBJC_LITERAL_CONVERSION = YES;
				CLANG_WARN_OBJC_ROOT_CLASS = YES_ERROR;
				CLANG_WARN_QUOTED_INCLUDE_IN_FRAMEWORK_HEADER = YES;
				CLANG_WARN_RANGE_LOOP_ANALYSIS = YES;
				CLANG_WARN_STRICT_PROTOTYPES = YES;
				CLANG_WARN_SUSPICIOUS_MOVE = YES;
				CLANG_WARN_UNGUARDED_AVAILABILITY = YES_AGGRESSIVE;
				CLANG_WARN_UNREACHABLE_CODE = YES;
				CLANG_WARN__DUPLICATE_METHOD_MATCH = YES;
				COPY_PHASE_STRIP = NO;
				DEBUG_INFORMATION_FORMAT = dwarf;
				ENABLE_STRICT_OBJC_MSGSEND = YES;
				ENABLE_TESTABILITY = YES;
				ENABLE_USER_SCRIPT_SANDBOXING = YES;
				GCC_C_LANGUAGE_STANDARD = gnu17;
				GCC_DYNAMIC_NO_PIC = NO;
				GCC_NO_COMMON_BLOCKS = YES;
				GCC_OPTIMIZATION_LEVEL = 0;
				GCC_PREPROCESSOR_DEFINITIONS = (
					"DEBUG=1",
					"$(inherited)",
				);
				GCC_WARN_64_TO_32_BIT_CONVERSION = YES;
				GCC_WARN_ABOUT_RETURN_TYPE = YES_ERROR;
				GCC_WARN_UNDECLARED_SELECTOR = YES;
				GCC_WARN_UNINITIALIZED_AUTOS = YES_AGGRESSIVE;
				GCC_WARN_UNUSED_FUNCTION = YES;
				GCC_WARN_UNUSED_VARIABLE = YES;
				IPHONEOS_DEPLOYMENT_TARGET = 17.5;
				LOCALIZATION_PREFERS_STRING_CATALOGS = YES;
				MTL_ENABLE_DEBUG_INFO = INCLUDE_SOURCE;
				MTL_FAST_MATH = YES;
				ONLY_ACTIVE_ARCH = YES;
				SDKROOT = iphoneos;
				SWIFT_ACTIVE_COMPILATION_CONDITIONS = "DEBUG $(inherited)";
				SWIFT_OPTIMIZATION_LEVEL = "-Onone";
			};
			name = Debug;
		};
		B9E1654C2C40FB9A00380BD2 /* Release */ = {
			isa = XCBuildConfiguration;
			buildSettings = {
				ALWAYS_SEARCH_USER_PATHS = NO;
				ASSETCATALOG_COMPILER_GENERATE_SWIFT_ASSET_SYMBOL_EXTENSIONS = YES;
				CLANG_ANALYZER_NONNULL = YES;
				CLANG_ANALYZER_NUMBER_OBJECT_CONVERSION = YES_AGGRESSIVE;
				CLANG_CXX_LANGUAGE_STANDARD = "gnu++20";
				CLANG_ENABLE_MODULES = YES;
				CLANG_ENABLE_OBJC_ARC = YES;
				CLANG_ENABLE_OBJC_WEAK = YES;
				CLANG_WARN_BLOCK_CAPTURE_AUTORELEASING = YES;
				CLANG_WARN_BOOL_CONVERSION = YES;
				CLANG_WARN_COMMA = YES;
				CLANG_WARN_CONSTANT_CONVERSION = YES;
				CLANG_WARN_DEPRECATED_OBJC_IMPLEMENTATIONS = YES;
				CLANG_WARN_DIRECT_OBJC_ISA_USAGE = YES_ERROR;
				CLANG_WARN_DOCUMENTATION_COMMENTS = YES;
				CLANG_WARN_EMPTY_BODY = YES;
				CLANG_WARN_ENUM_CONVERSION = YES;
				CLANG_WARN_INFINITE_RECURSION = YES;
				CLANG_WARN_INT_CONVERSION = YES;
				CLANG_WARN_NON_LITERAL_NULL_CONVERSION = YES;
				CLANG_WARN_OBJC_IMPLICIT_RETAIN_SELF = YES;
				CLANG_WARN_OBJC_LITERAL_CONVERSION = YES;
				CLANG_WARN_OBJC_ROOT_CLASS = YES_ERROR;
				CLANG_WARN_QUOTED_INCLUDE_IN_FRAMEWORK_HEADER = YES;
				CLANG_WARN_RANGE_LOOP_ANALYSIS = YES;
				CLANG_WARN_STRICT_PROTOTYPES = YES;
				CLANG_WARN_SUSPICIOUS_MOVE = YES;
				CLANG_WARN_UNGUARDED_AVAILABILITY = YES_AGGRESSIVE;
				CLANG_WARN_UNREACHABLE_CODE = YES;
				CLANG_WARN__DUPLICATE_METHOD_MATCH = YES;
				COPY_PHASE_STRIP = NO;
				DEBUG_INFORMATION_FORMAT = "dwarf-with-dsym";
				ENABLE_NS_ASSERTIONS = NO;
				ENABLE_STRICT_OBJC_MSGSEND = YES;
				ENABLE_USER_SCRIPT_SANDBOXING = YES;
				GCC_C_LANGUAGE_STANDARD = gnu17;
				GCC_NO_COMMON_BLOCKS = YES;
				GCC_WARN_64_TO_32_BIT_CONVERSION = YES;
				GCC_WARN_ABOUT_RETURN_TYPE = YES_ERROR;
				GCC_WARN_UNDECLARED_SELECTOR = YES;
				GCC_WARN_UNINITIALIZED_AUTOS = YES_AGGRESSIVE;
				GCC_WARN_UNUSED_FUNCTION = YES;
				GCC_WARN_UNUSED_VARIABLE = YES;
				IPHONEOS_DEPLOYMENT_TARGET = 17.5;
				LOCALIZATION_PREFERS_STRING_CATALOGS = YES;
				MTL_ENABLE_DEBUG_INFO = NO;
				MTL_FAST_MATH = YES;
				SDKROOT = iphoneos;
				SWIFT_COMPILATION_MODE = wholemodule;
				VALIDATE_PRODUCT = YES;
			};
			name = Release;
		};
		B9E1654E2C40FB9A00380BD2 /* Debug */ = {
			isa = XCBuildConfiguration;
			buildSettings = {
				ASSETCATALOG_COMPILER_APPICON_NAME = AppIcon;
				ASSETCATALOG_COMPILER_GLOBAL_ACCENT_COLOR_NAME = AccentColor;
				CODE_SIGN_STYLE = Automatic;
				CURRENT_PROJECT_VERSION = 1;
				GENERATE_INFOPLIST_FILE = YES;
				INFOPLIST_FILE = TodoList/Info.plist;
				INFOPLIST_KEY_UIApplicationSupportsIndirectInputEvents = YES;
				INFOPLIST_KEY_UILaunchStoryboardName = LaunchScreen;
				INFOPLIST_KEY_UIMainStoryboardFile = Main;
				INFOPLIST_KEY_UISupportedInterfaceOrientations_iPad = "UIInterfaceOrientationPortrait UIInterfaceOrientationPortraitUpsideDown UIInterfaceOrientationLandscapeLeft UIInterfaceOrientationLandscapeRight";
				INFOPLIST_KEY_UISupportedInterfaceOrientations_iPhone = "UIInterfaceOrientationPortrait UIInterfaceOrientationLandscapeLeft UIInterfaceOrientationLandscapeRight";
				LD_RUNPATH_SEARCH_PATHS = (
					"$(inherited)",
					"@executable_path/Frameworks",
				);
				MARKETING_VERSION = 1.0;
				PRODUCT_BUNDLE_IDENTIFIER = zopsmart.TodoList;
				PRODUCT_NAME = "$(TARGET_NAME)";
				SWIFT_EMIT_LOC_STRINGS = YES;
				SWIFT_VERSION = 5.0;
				TARGETED_DEVICE_FAMILY = "1,2";
			};
			name = Debug;
		};
		B9E1654F2C40FB9A00380BD2 /* Release */ = {
			isa = XCBuildConfiguration;
			buildSettings = {
				ASSETCATALOG_COMPILER_APPICON_NAME = AppIcon;
				ASSETCATALOG_COMPILER_GLOBAL_ACCENT_COLOR_NAME = AccentColor;
				CODE_SIGN_STYLE = Automatic;
				CURRENT_PROJECT_VERSION = 1;
				GENERATE_INFOPLIST_FILE = YES;
				INFOPLIST_FILE = TodoList/Info.plist;
				INFOPLIST_KEY_UIApplicationSupportsIndirectInputEvents = YES;
				INFOPLIST_KEY_UILaunchStoryboardName = LaunchScreen;
				INFOPLIST_KEY_UIMainStoryboardFile = Main;
				INFOPLIST_KEY_UISupportedInterfaceOrientations_iPad = "UIInterfaceOrientationPortrait UIInterfaceOrientationPortraitUpsideDown UIInterfaceOrientationLandscapeLeft UIInterfaceOrientationLandscapeRight";
				INFOPLIST_KEY_UISupportedInterfaceOrientations_iPhone = "UIInterfaceOrientationPortrait UIInterfaceOrientationLandscapeLeft UIInterfaceOrientationLandscapeRight";
				LD_RUNPATH_SEARCH_PATHS = (
					"$(inherited)",
					"@executable_path/Frameworks",
				);
				MARKETING_VERSION = 1.0;
				PRODUCT_BUNDLE_IDENTIFIER = zopsmart.TodoList;
				PRODUCT_NAME = "$(TARGET_NAME)";
				SWIFT_EMIT_LOC_STRINGS = YES;
				SWIFT_VERSION = 5.0;
				TARGETED_DEVICE_FAMILY = "1,2";
			};
			name = Release;
		};
		B9E165512C40FB9A00380BD2 /* Debug */ = {
			isa = XCBuildConfiguration;
			buildSettings = {
				ALWAYS_EMBED_SWIFT_STANDARD_LIBRARIES = YES;
				BUNDLE_LOADER = "$(TEST_HOST)";
				CODE_SIGN_STYLE = Automatic;
				CURRENT_PROJECT_VERSION = 1;
				GENERATE_INFOPLIST_FILE = YES;
				IPHONEOS_DEPLOYMENT_TARGET = 17.5;
				MARKETING_VERSION = 1.0;
				PRODUCT_BUNDLE_IDENTIFIER = zopsmart.TodoListTests;
				PRODUCT_NAME = "$(TARGET_NAME)";
				SWIFT_EMIT_LOC_STRINGS = NO;
				SWIFT_VERSION = 5.0;
				TARGETED_DEVICE_FAMILY = "1,2";
				TEST_HOST = "$(BUILT_PRODUCTS_DIR)/TodoList.app/$(BUNDLE_EXECUTABLE_FOLDER_PATH)/TodoList";
			};
			name = Debug;
		};
		B9E165522C40FB9A00380BD2 /* Release */ = {
			isa = XCBuildConfiguration;
			buildSettings = {
				ALWAYS_EMBED_SWIFT_STANDARD_LIBRARIES = YES;
				BUNDLE_LOADER = "$(TEST_HOST)";
				CODE_SIGN_STYLE = Automatic;
				CURRENT_PROJECT_VERSION = 1;
				GENERATE_INFOPLIST_FILE = YES;
				IPHONEOS_DEPLOYMENT_TARGET = 17.5;
				MARKETING_VERSION = 1.0;
				PRODUCT_BUNDLE_IDENTIFIER = zopsmart.TodoListTests;
				PRODUCT_NAME = "$(TARGET_NAME)";
				SWIFT_EMIT_LOC_STRINGS = NO;
				SWIFT_VERSION = 5.0;
				TARGETED_DEVICE_FAMILY = "1,2";
				TEST_HOST = "$(BUILT_PRODUCTS_DIR)/TodoList.app/$(BUNDLE_EXECUTABLE_FOLDER_PATH)/TodoList";
			};
			name = Release;
		};
		B9E165542C40FB9A00380BD2 /* Debug */ = {
			isa = XCBuildConfiguration;
			buildSettings = {
				ALWAYS_EMBED_SWIFT_STANDARD_LIBRARIES = YES;
				CODE_SIGN_STYLE = Automatic;
				CURRENT_PROJECT_VERSION = 1;
				GENERATE_INFOPLIST_FILE = YES;
				MARKETING_VERSION = 1.0;
				PRODUCT_BUNDLE_IDENTIFIER = zopsmart.TodoListUITests;
				PRODUCT_NAME = "$(TARGET_NAME)";
				SWIFT_EMIT_LOC_STRINGS = NO;
				SWIFT_VERSION = 5.0;
				TARGETED_DEVICE_FAMILY = "1,2";
				TEST_TARGET_NAME = TodoList;
			};
			name = Debug;
		};
		B9E165552C40FB9A00380BD2 /* Release */ = {
			isa = XCBuildConfiguration;
			buildSettings = {
				ALWAYS_EMBED_SWIFT_STANDARD_LIBRARIES = YES;
				CODE_SIGN_STYLE = Automatic;
				CURRENT_PROJECT_VERSION = 1;
				GENERATE_INFOPLIST_FILE = YES;
				MARKETING_VERSION = 1.0;
				PRODUCT_BUNDLE_IDENTIFIER = zopsmart.TodoListUITests;
				PRODUCT_NAME = "$(TARGET_NAME)";
				SWIFT_EMIT_LOC_STRINGS = NO;
				SWIFT_VERSION = 5.0;
				TARGETED_DEVICE_FAMILY = "1,2";
				TEST_TARGET_NAME = TodoList;
			};
			name = Release;
		};
/* End XCBuildConfiguration section */

/* Begin XCConfigurationList section */
		B9E1651B2C40FB9900380BD2 /* Build configuration list for PBXProject "TodoList" */ = {
			isa = XCConfigurationList;
			buildConfigurations = (
				B9E1654B2C40FB9A00380BD2 /* Debug */,
				B9E1654C2C40FB9A00380BD2 /* Release */,
			);
			defaultConfigurationIsVisible = 0;
			defaultConfigurationName = Release;
		};
		B9E1654D2C40FB9A00380BD2 /* Build configuration list for PBXNativeTarget "TodoList" */ = {
			isa = XCConfigurationList;
			buildConfigurations = (
				B9E1654E2C40FB9A00380BD2 /* Debug */,
				B9E1654F2C40FB9A00380BD2 /* Release */,
			);
			defaultConfigurationIsVisible = 0;
			defaultConfigurationName = Release;
		};
		B9E165502C40FB9A00380BD2 /* Build configuration list for PBXNativeTarget "TodoListTests" */ = {
			isa = XCConfigurationList;
			buildConfigurations = (
				B9E165512C40FB9A00380BD2 /* Debug */,
				B9E165522C40FB9A00380BD2 /* Release */,
			);
			defaultConfigurationIsVisible = 0;
			defaultConfigurationName = Release;
		};
		B9E165532C40FB9A00380BD2 /* Build configuration list for PBXNativeTarget "TodoListUITests" */ = {
			isa = XCConfigurationList;
			buildConfigurations = (
				B9E165542C40FB9A00380BD2 /* Debug */,
				B9E165552C40FB9A00380BD2 /* Release */,
			);
			defaultConfigurationIsVisible = 0;
			defaultConfigurationName = Release;
		};
/* End XCConfigurationList section */

/* Begin XCVersionGroup section */
		B9E1652C2C40FB9900380BD2 /* TodoList.xcdatamodeld */ = {
			isa = XCVersionGroup;
			children = (
				B9E1652D2C40FB9900380BD2 /* TodoList.xcdatamodel */,
			);
			currentVersion = B9E1652D2C40FB9900380BD2 /* TodoList.xcdatamodel */;
			path = TodoList.xcdatamodeld;
			sourceTree = "<group>";
			versionGroupType = wrapper.xcdatamodel;
		};
/* End XCVersionGroup section */
	};
	rootObject = B9E165182C40FB9900380BD2 /* Project object */;
}
